Microsoft Visual Studio Solution File, Format Version 12.00
# Visual Studio Version 17
VisualStudioVersion = 17.13.35818.85
MinimumVisualStudioVersion = 10.0.40219.1
Project("{FAE04EC0-301F-11D3-BF4B-00C04F79EFBC}") = "SCUDocker", "SCUDocker.csproj", "{CF53AA11-1A63-44DF-B66F-E5C0D2C19A74}"
EndProject
Global
	GlobalSection(SolutionConfigurationPlatforms) = preSolution
		Debug|Any CPU = Debug|Any CPU
		Release|Any CPU = Release|Any CPU
	EndGlobalSection
	GlobalSection(ProjectConfigurationPlatforms) = postSolution
		{CF53AA11-1A63-44DF-B66F-E5C0D2C19A74}.Debug|Any CPU.ActiveCfg = Debug|Any CPU
		{CF53AA11-1A63-44DF-B66F-E5C0D2C19A74}.Debug|Any CPU.Build.0 = Debug|Any CPU
		{CF53AA11-1A63-44DF-B66F-E5C0D2C19A74}.Release|Any CPU.ActiveCfg = Release|Any CPU
		{CF53AA11-1A63-44DF-B66F-E5C0D2C19A74}.Release|Any CPU.Build.0 = Release|Any CPU
	EndGlobalSection
	GlobalSection(SolutionProperties) = preSolution
		HideSolutionNode = FALSE
	EndGlobalSection
	GlobalSection(ExtensibilityGlobals) = postSolution
		SolutionGuid = {125B35BE-C893-4C23-BAD0-A10B3D9D8DD9}
	EndGlobalSection
EndGlobal
